// !$*UTF8*$!
{
	archiveVersion = 1;
	classes = {
	};
	objectVersion = 77;
	objects = {

/* Begin PBXBuildFile section */
		3366084B2DDB425100C74BE7 /* Polyline in Frameworks */ = {isa = PBXBuildFile; productRef = 3366084A2DDB425100C74BE7 /* Polyline */; };
/* End PBXBuildFile section */

/* Begin PBXContainerItemProxy section */
		33593AB22DD7956A00089C2A /* PBXContainerItemProxy */ = {
			isa = PBXContainerItemProxy;
			containerPortal = 33593A9C2DD7956900089C2A /* Project object */;
			proxyType = 1;
			remoteGlobalIDString = 33593AA32DD7956900089C2A;
			remoteInfo = TripManager;
		};
		33593ABC2DD7956A00089C2A /* PBXContainerItemProxy */ = {
			isa = PBXContainerItemProxy;
			containerPortal = 33593A9C2DD7956900089C2A /* Project object */;
			proxyType = 1;
			remoteGlobalIDString = 33593AA32DD7956900089C2A;
			remoteInfo = TripManager;
		};
/* End PBXContainerItemProxy section */

/* Begin PBXFileReference section */
		33593AA42DD7956900089C2A /* TripManager.app */ = {isa = PBXFileReference; explicitFileType = wrapper.application; includeInIndex = 0; path = TripManager.app; sourceTree = BUILT_PRODUCTS_DIR; };
		33593AB12DD7956A00089C2A /* TripManagerTests.xctest */ = {isa = PBXFileReference; explicitFileType = wrapper.cfbundle; includeInIndex = 0; path = TripManagerTests.xctest; sourceTree = BUILT_PRODUCTS_DIR; };
		33593ABB2DD7956A00089C2A /* TripManagerUITests.xctest */ = {isa = PBXFileReference; explicitFileType = wrapper.cfbundle; includeInIndex = 0; path = TripManagerUITests.xctest; sourceTree = BUILT_PRODUCTS_DIR; };
/* End PBXFileReference section */

/* Begin PBXFileSystemSynchronizedRootGroup section */
		33593AA62DD7956900089C2A /* TripManager */ = {
			isa = PBXFileSystemSynchronizedRootGroup;
			path = TripManager;
			sourceTree = "<group>";
		};
		33593AB42DD7956A00089C2A /* TripManagerTests */ = {
			isa = PBXFileSystemSynchronizedRootGroup;
			path = TripManagerTests;
			sourceTree = "<group>";
		};
		33593ABE2DD7956A00089C2A /* TripManagerUITests */ = {
			isa = PBXFileSystemSynchronizedRootGroup;
			path = TripManagerUITests;
			sourceTree = "<group>";
		};
/* End PBXFileSystemSynchronizedRootGroup section */

/* Begin PBXFrameworksBuildPhase section */
		33593AA12DD7956900089C2A /* Frameworks */ = {
			isa = PBXFrameworksBuildPhase;
			buildActionMask = 2147483647;
			files = (
				3366084B2DDB425100C74BE7 /* Polyline in Frameworks */,
			);
			runOnlyForDeploymentPostprocessing = 0;
		};
		33593AAE2DD7956A00089C2A /* Frameworks */ = {
			isa = PBXFrameworksBuildPhase;
			buildActionMask = 2147483647;
			files = (
			);
			runOnlyForDeploymentPostprocessing = 0;
		};
		33593AB82DD7956A00089C2A /* Frameworks */ = {
			isa = PBXFrameworksBuildPhase;
			buildActionMask = 2147483647;
			files = (
			);
			runOnlyForDeploymentPostprocessing = 0;
		};
/* End PBXFrameworksBuildPhase section */

/* Begin PBXGroup section */
		33593A9B2DD7956900089C2A = {
			isa = PBXGroup;
			children = (
				33593AA62DD7956900089C2A /* TripManager */,
				33593AB42DD7956A00089C2A /* TripManagerTests */,
				33593ABE2DD7956A00089C2A /* TripManagerUITests */,
				33593AA52DD7956900089C2A /* Products */,
			);
			sourceTree = "<group>";
		};
		33593AA52DD7956900089C2A /* Products */ = {
			isa = PBXGroup;
			children = (
				33593AA42DD7956900089C2A /* TripManager.app */,
				33593AB12DD7956A00089C2A /* TripManagerTests.xctest */,
				33593ABB2DD7956A00089C2A /* TripManagerUITests.xctest */,
			);
			name = Products;
			sourceTree = "<group>";
		};
/* End PBXGroup section */

/* Begin PBXNativeTarget section */
		33593AA32DD7956900089C2A /* TripManager */ = {
			isa = PBXNativeTarget;
			buildConfigurationList = 33593AC52DD7956A00089C2A /* Build configuration list for PBXNativeTarget "TripManager" */;
			buildPhases = (
				33593AA02DD7956900089C2A /* Sources */,
				33593AA12DD7956900089C2A /* Frameworks */,
				33593AA22DD7956900089C2A /* Resources */,
			);
			buildRules = (
			);
			dependencies = (
			);
			fileSystemSynchronizedGroups = (
				33593AA62DD7956900089C2A /* TripManager */,
			);
			name = TripManager;
			packageProductDependencies = (
				3366084A2DDB425100C74BE7 /* Polyline */,
			);
			productName = TripManager;
			productReference = 33593AA42DD7956900089C2A /* TripManager.app */;
			productType = "com.apple.product-type.application";
		};
		33593AB02DD7956A00089C2A /* TripManagerTests */ = {
			isa = PBXNativeTarget;
			buildConfigurationList = 33593AC82DD7956A00089C2A /* Build configuration list for PBXNativeTarget "TripManagerTests" */;
			buildPhases = (
				33593AAD2DD7956A00089C2A /* Sources */,
				33593AAE2DD7956A00089C2A /* Frameworks */,
				33593AAF2DD7956A00089C2A /* Resources */,
			);
			buildRules = (
			);
			dependencies = (
				33593AB32DD7956A00089C2A /* PBXTargetDependency */,
			);
			fileSystemSynchronizedGroups = (
				33593AB42DD7956A00089C2A /* TripManagerTests */,
			);
			name = TripManagerTests;
			packageProductDependencies = (
			);
			productName = TripManagerTests;
			productReference = 33593AB12DD7956A00089C2A /* TripManagerTests.xctest */;
			productType = "com.apple.product-type.bundle.unit-test";
		};
		33593ABA2DD7956A00089C2A /* TripManagerUITests */ = {
			isa = PBXNativeTarget;
			buildConfigurationList = 33593ACB2DD7956A00089C2A /* Build configuration list for PBXNativeTarget "TripManagerUITests" */;
			buildPhases = (
				33593AB72DD7956A00089C2A /* Sources */,
				33593AB82DD7956A00089C2A /* Frameworks */,
				33593AB92DD7956A00089C2A /* Resources */,
			);
			buildRules = (
			);
			dependencies = (
				33593ABD2DD7956A00089C2A /* PBXTargetDependency */,
			);
			fileSystemSynchronizedGroups = (
				33593ABE2DD7956A00089C2A /* TripManagerUITests */,
			);
			name = TripManagerUITests;
			packageProductDependencies = (
			);
			productName = TripManagerUITests;
			productReference = 33593ABB2DD7956A00089C2A /* TripManagerUITests.xctest */;
			productType = "com.apple.product-type.bundle.ui-testing";
		};
/* End PBXNativeTarget section */

/* Begin PBXProject section */
		33593A9C2DD7956900089C2A /* Project object */ = {
			isa = PBXProject;
			attributes = {
				BuildIndependentTargetsInParallel = 1;
				LastSwiftUpdateCheck = 1630;
				LastUpgradeCheck = 1630;
				TargetAttributes = {
					33593AA32DD7956900089C2A = {
						CreatedOnToolsVersion = 16.3;
					};
					33593AB02DD7956A00089C2A = {
						CreatedOnToolsVersion = 16.3;
						TestTargetID = 33593AA32DD7956900089C2A;
					};
					33593ABA2DD7956A00089C2A = {
						CreatedOnToolsVersion = 16.3;
						TestTargetID = 33593AA32DD7956900089C2A;
					};
				};
			};
			buildConfigurationList = 33593A9F2DD7956900089C2A /* Build configuration list for PBXProject "TripManager" */;
			developmentRegion = en;
			hasScannedForEncodings = 0;
			knownRegions = (
				en,
				Base,
			);
			mainGroup = 33593A9B2DD7956900089C2A;
			minimizedProjectReferenceProxies = 1;
			packageReferences = (
				336608492DDB425100C74BE7 /* XCRemoteSwiftPackageReference "Polyline" */,
			);
			preferredProjectObjectVersion = 77;
			productRefGroup = 33593AA52DD7956900089C2A /* Products */;
			projectDirPath = "";
			projectRoot = "";
			targets = (
				33593AA32DD7956900089C2A /* TripManager */,
				33593AB02DD7956A00089C2A /* TripManagerTests */,
				33593ABA2DD7956A00089C2A /* TripManagerUITests */,
			);
		};
/* End PBXProject section */

/* Begin PBXResourcesBuildPhase section */
		33593AA22DD7956900089C2A /* Resources */ = {
			isa = PBXResourcesBuildPhase;
			buildActionMask = 2147483647;
			files = (
			);
			runOnlyForDeploymentPostprocessing = 0;
		};
		33593AAF2DD7956A00089C2A /* Resources */ = {
			isa = PBXResourcesBuildPhase;
			buildActionMask = 2147483647;
			files = (
			);
			runOnlyForDeploymentPostprocessing = 0;
		};
		33593AB92DD7956A00089C2A /* Resources */ = {
			isa = PBXResourcesBuildPhase;
			buildActionMask = 2147483647;
			files = (
			);
			runOnlyForDeploymentPostprocessing = 0;
		};
/* End PBXResourcesBuildPhase section */

/* Begin PBXSourcesBuildPhase section */
		33593AA02DD7956900089C2A /* Sources */ = {
			isa = PBXSourcesBuildPhase;
			buildActionMask = 2147483647;
			files = (
			);
			runOnlyForDeploymentPostprocessing = 0;
		};
		33593AAD2DD7956A00089C2A /* Sources */ = {
			isa = PBXSourcesBuildPhase;
			buildActionMask = 2147483647;
			files = (
			);
			runOnlyForDeploymentPostprocessing = 0;
		};
		33593AB72DD7956A00089C2A /* Sources */ = {
			isa = PBXSourcesBuildPhase;
			buildActionMask = 2147483647;
			files = (
			);
			runOnlyForDeploymentPostprocessing = 0;
		};
/* End PBXSourcesBuildPhase section */

/* Begin PBXTargetDependency section */
		33593AB32DD7956A00089C2A /* PBXTargetDependency */ = {
			isa = PBXTargetDependency;
			target = 33593AA32DD7956900089C2A /* TripManager */;
			targetProxy = 33593AB22DD7956A00089C2A /* PBXContainerItemProxy */;
		};
		33593ABD2DD7956A00089C2A /* PBXTargetDependency */ = {
			isa = PBXTargetDependency;
			target = 33593AA32DD7956900089C2A /* TripManager */;
			targetProxy = 33593ABC2DD7956A00089C2A /* PBXContainerItemProxy */;
		};
/* End PBXTargetDependency section */

/* Begin XCBuildConfiguration section */
		33593AC32DD7956A00089C2A /* Debug */ = {
			isa = XCBuildConfiguration;
			buildSettings = {
				ALWAYS_SEARCH_USER_PATHS = NO;
				ASSETCATALOG_COMPILER_GENERATE_SWIFT_ASSET_SYMBOL_EXTENSIONS = YES;
				CLANG_ANALYZER_NONNULL = YES;
				CLANG_ANALYZER_NUMBER_OBJECT_CONVERSION = YES_AGGRESSIVE;
				CLANG_CXX_LANGUAGE_STANDARD = "gnu++20";
				CLANG_ENABLE_MODULES = YES;
				CLANG_ENABLE_OBJC_ARC = YES;
				CLANG_ENABLE_OBJC_WEAK = YES;
				CLANG_WARN_BLOCK_CAPTURE_AUTORELEASING = YES;
				CLANG_WARN_BOOL_CONVERSION = YES;
				CLANG_WARN_COMMA = YES;
				CLANG_WARN_CONSTANT_CONVERSION = YES;
				CLANG_WARN_DEPRECATED_OBJC_IMPLEMENTATIONS = YES;
				CLANG_WARN_DIRECT_OBJC_ISA_USAGE = YES_ERROR;
				CLANG_WARN_DOCUMENTATION_COMMENTS = YES;
				CLANG_WARN_EMPTY_BODY = YES;
				CLANG_WARN_ENUM_CONVERSION = YES;
				CLANG_WARN_INFINITE_RECURSION = YES;
				CLANG_WARN_INT_CONVERSION = YES;
				CLANG_WARN_NON_LITERAL_NULL_CONVERSION = YES;
				CLANG_WARN_OBJC_IMPLICIT_RETAIN_SELF = YES;
				CLANG_WARN_OBJC_LITERAL_CONVERSION = YES;
				CLANG_WARN_OBJC_ROOT_CLASS = YES_ERROR;
				CLANG_WARN_QUOTED_INCLUDE_IN_FRAMEWORK_HEADER = YES;
				CLANG_WARN_RANGE_LOOP_ANALYSIS = YES;
				CLANG_WARN_STRICT_PROTOTYPES = YES;
				CLANG_WARN_SUSPICIOUS_MOVE = YES;
				CLANG_WARN_UNGUARDED_AVAILABILITY = YES_AGGRESSIVE;
				CLANG_WARN_UNREACHABLE_CODE = YES;
				CLANG_WARN__DUPLICATE_METHOD_MATCH = YES;
				COPY_PHASE_STRIP = NO;
				DEBUG_INFORMATION_FORMAT = dwarf;
				DEVELOPMENT_TEAM = J96BZ9PSBR;
				ENABLE_STRICT_OBJC_MSGSEND = YES;
				ENABLE_TESTABILITY = YES;
				ENABLE_USER_SCRIPT_SANDBOXING = YES;
				GCC_C_LANGUAGE_STANDARD = gnu17;
				GCC_DYNAMIC_NO_PIC = NO;
				GCC_NO_COMMON_BLOCKS = YES;
				GCC_OPTIMIZATION_LEVEL = 0;
				GCC_PREPROCESSOR_DEFINITIONS = (
					"DEBUG=1",
					"$(inherited)",
				);
				GCC_WARN_64_TO_32_BIT_CONVERSION = YES;
				GCC_WARN_ABOUT_RETURN_TYPE = YES_ERROR;
				GCC_WARN_UNDECLARED_SELECTOR = YES;
				GCC_WARN_UNINITIALIZED_AUTOS = YES_AGGRESSIVE;
				GCC_WARN_UNUSED_FUNCTION = YES;
				GCC_WARN_UNUSED_VARIABLE = YES;
				IPHONEOS_DEPLOYMENT_TARGET = 17.6;
				LOCALIZATION_PREFERS_STRING_CATALOGS = YES;
				MTL_ENABLE_DEBUG_INFO = INCLUDE_SOURCE;
				MTL_FAST_MATH = YES;
				ONLY_ACTIVE_ARCH = YES;
				SDKROOT = iphoneos;
				SWIFT_ACTIVE_COMPILATION_CONDITIONS = "DEBUG $(inherited)";
				SWIFT_OPTIMIZATION_LEVEL = "-Onone";
			};
			name = Debug;
		};
		33593AC42DD7956A00089C2A /* Release */ = {
			isa = XCBuildConfiguration;
			buildSettings = {
				ALWAYS_SEARCH_USER_PATHS = NO;
				ASSETCATALOG_COMPILER_GENERATE_SWIFT_ASSET_SYMBOL_EXTENSIONS = YES;
				CLANG_ANALYZER_NONNULL = YES;
				CLANG_ANALYZER_NUMBER_OBJECT_CONVERSION = YES_AGGRESSIVE;
				CLANG_CXX_LANGUAGE_STANDARD = "gnu++20";
				CLANG_ENABLE_MODULES = YES;
				CLANG_ENABLE_OBJC_ARC = YES;
				CLANG_ENABLE_OBJC_WEAK = YES;
				CLANG_WARN_BLOCK_CAPTURE_AUTORELEASING = YES;
				CLANG_WARN_BOOL_CONVERSION = YES;
				CLANG_WARN_COMMA = YES;
				CLANG_WARN_CONSTANT_CONVERSION = YES;
				CLANG_WARN_DEPRECATED_OBJC_IMPLEMENTATIONS = YES;
				CLANG_WARN_DIRECT_OBJC_ISA_USAGE = YES_ERROR;
				CLANG_WARN_DOCUMENTATION_COMMENTS = YES;
				CLANG_WARN_EMPTY_BODY = YES;
				CLANG_WARN_ENUM_CONVERSION = YES;
				CLANG_WARN_INFINITE_RECURSION = YES;
				CLANG_WARN_INT_CONVERSION = YES;
				CLANG_WARN_NON_LITERAL_NULL_CONVERSION = YES;
				CLANG_WARN_OBJC_IMPLICIT_RETAIN_SELF = YES;
				CLANG_WARN_OBJC_LITERAL_CONVERSION = YES;
				CLANG_WARN_OBJC_ROOT_CLASS = YES_ERROR;
				CLANG_WARN_QUOTED_INCLUDE_IN_FRAMEWORK_HEADER = YES;
				CLANG_WARN_RANGE_LOOP_ANALYSIS = YES;
				CLANG_WARN_STRICT_PROTOTYPES = YES;
				CLANG_WARN_SUSPICIOUS_MOVE = YES;
				CLANG_WARN_UNGUARDED_AVAILABILITY = YES_AGGRESSIVE;
				CLANG_WARN_UNREACHABLE_CODE = YES;
				CLANG_WARN__DUPLICATE_METHOD_MATCH = YES;
				COPY_PHASE_STRIP = NO;
				DEBUG_INFORMATION_FORMAT = "dwarf-with-dsym";
				DEVELOPMENT_TEAM = J96BZ9PSBR;
				ENABLE_NS_ASSERTIONS = NO;
				ENABLE_STRICT_OBJC_MSGSEND = YES;
				ENABLE_USER_SCRIPT_SANDBOXING = YES;
				GCC_C_LANGUAGE_STANDARD = gnu17;
				GCC_NO_COMMON_BLOCKS = YES;
				GCC_WARN_64_TO_32_BIT_CONVERSION = YES;
				GCC_WARN_ABOUT_RETURN_TYPE = YES_ERROR;
				GCC_WARN_UNDECLARED_SELECTOR = YES;
				GCC_WARN_UNINITIALIZED_AUTOS = YES_AGGRESSIVE;
				GCC_WARN_UNUSED_FUNCTION = YES;
				GCC_WARN_UNUSED_VARIABLE = YES;
				IPHONEOS_DEPLOYMENT_TARGET = 17.6;
				LOCALIZATION_PREFERS_STRING_CATALOGS = YES;
				MTL_ENABLE_DEBUG_INFO = NO;
				MTL_FAST_MATH = YES;
				SDKROOT = iphoneos;
				SWIFT_COMPILATION_MODE = wholemodule;
				VALIDATE_PRODUCT = YES;
			};
			name = Release;
		};
		33593AC62DD7956A00089C2A /* Debug */ = {
			isa = XCBuildConfiguration;
			buildSettings = {
				ASSETCATALOG_COMPILER_APPICON_NAME = AppIcon;
				ASSETCATALOG_COMPILER_GLOBAL_ACCENT_COLOR_NAME = AccentColor;
				CODE_SIGN_STYLE = Automatic;
				CURRENT_PROJECT_VERSION = 1;
				DEVELOPMENT_TEAM = J96BZ9PSBR;
				ENABLE_PREVIEWS = YES;
				GENERATE_INFOPLIST_FILE = YES;
				INFOPLIST_KEY_UIApplicationSceneManifest_Generation = YES;
				INFOPLIST_KEY_UIApplicationSupportsIndirectInputEvents = YES;
				INFOPLIST_KEY_UILaunchScreen_Generation = YES;
				INFOPLIST_KEY_UISupportedInterfaceOrientations_iPad = "UIInterfaceOrientationPortrait UIInterfaceOrientationPortraitUpsideDown UIInterfaceOrientationLandscapeLeft UIInterfaceOrientationLandscapeRight";
				INFOPLIST_KEY_UISupportedInterfaceOrientations_iPhone = "UIInterfaceOrientationPortrait UIInterfaceOrientationLandscapeLeft UIInterfaceOrientationLandscapeRight";
				IPHONEOS_DEPLOYMENT_TARGET = 17.0;
				LD_RUNPATH_SEARCH_PATHS = (
					"$(inherited)",
					"@executable_path/Frameworks",
				);
				MARKETING_VERSION = 1.0;
				PRODUCT_BUNDLE_IDENTIFIER = danicano.TripManager;
				PRODUCT_NAME = "$(TARGET_NAME)";
				SWIFT_EMIT_LOC_STRINGS = YES;
				SWIFT_VERSION = 5.0;
				TARGETED_DEVICE_FAMILY = "1,2";
			};
			name = Debug;
		};
		33593AC72DD7956A00089C2A /* Release */ = {
			isa = XCBuildConfiguration;
			buildSettings = {
				ASSETCATALOG_COMPILER_APPICON_NAME = AppIcon;
				ASSETCATALOG_COMPILER_GLOBAL_ACCENT_COLOR_NAME = AccentColor;
				CODE_SIGN_STYLE = Automatic;
				CURRENT_PROJECT_VERSION = 1;
				DEVELOPMENT_TEAM = J96BZ9PSBR;
				ENABLE_PREVIEWS = YES;
				GENERATE_INFOPLIST_FILE = YES;
				INFOPLIST_KEY_UIApplicationSceneManifest_Generation = YES;
				INFOPLIST_KEY_UIApplicationSupportsIndirectInputEvents = YES;
				INFOPLIST_KEY_UILaunchScreen_Generation = YES;
				INFOPLIST_KEY_UISupportedInterfaceOrientations_iPad = "UIInterfaceOrientationPortrait UIInterfaceOrientationPortraitUpsideDown UIInterfaceOrientationLandscapeLeft UIInterfaceOrientationLandscapeRight";
				INFOPLIST_KEY_UISupportedInterfaceOrientations_iPhone = "UIInterfaceOrientationPortrait UIInterfaceOrientationLandscapeLeft UIInterfaceOrientationLandscapeRight";
				IPHONEOS_DEPLOYMENT_TARGET = 17.0;
				LD_RUNPATH_SEARCH_PATHS = (
					"$(inherited)",
					"@executable_path/Frameworks",
				);
				MARKETING_VERSION = 1.0;
				PRODUCT_BUNDLE_IDENTIFIER = danicano.TripManager;
				PRODUCT_NAME = "$(TARGET_NAME)";
				SWIFT_EMIT_LOC_STRINGS = YES;
				SWIFT_VERSION = 5.0;
				TARGETED_DEVICE_FAMILY = "1,2";
			};
			name = Release;
		};
		33593AC92DD7956A00089C2A /* Debug */ = {
			isa = XCBuildConfiguration;
			buildSettings = {
				BUNDLE_LOADER = "$(TEST_HOST)";
				CODE_SIGN_STYLE = Automatic;
				CURRENT_PROJECT_VERSION = 1;
				DEVELOPMENT_TEAM = J96BZ9PSBR;
				GENERATE_INFOPLIST_FILE = YES;
				IPHONEOS_DEPLOYMENT_TARGET = 17.6;
				MARKETING_VERSION = 1.0;
				PRODUCT_BUNDLE_IDENTIFIER = danicano.TripManagerTests;
				PRODUCT_NAME = "$(TARGET_NAME)";
				SWIFT_EMIT_LOC_STRINGS = NO;
				SWIFT_VERSION = 5.0;
				TARGETED_DEVICE_FAMILY = "1,2";
				TEST_HOST = "$(BUILT_PRODUCTS_DIR)/TripManager.app/$(BUNDLE_EXECUTABLE_FOLDER_PATH)/TripManager";
			};
			name = Debug;
		};
		33593ACA2DD7956A00089C2A /* Release */ = {
			isa = XCBuildConfiguration;
			buildSettings = {
				BUNDLE_LOADER = "$(TEST_HOST)";
				CODE_SIGN_STYLE = Automatic;
				CURRENT_PROJECT_VERSION = 1;
				DEVELOPMENT_TEAM = J96BZ9PSBR;
				GENERATE_INFOPLIST_FILE = YES;
				IPHONEOS_DEPLOYMENT_TARGET = 17.6;
				MARKETING_VERSION = 1.0;
				PRODUCT_BUNDLE_IDENTIFIER = danicano.TripManagerTests;
				PRODUCT_NAME = "$(TARGET_NAME)";
				SWIFT_EMIT_LOC_STRINGS = NO;
				SWIFT_VERSION = 5.0;
				TARGETED_DEVICE_FAMILY = "1,2";
				TEST_HOST = "$(BUILT_PRODUCTS_DIR)/TripManager.app/$(BUNDLE_EXECUTABLE_FOLDER_PATH)/TripManager";
			};
			name = Release;
		};
		33593ACC2DD7956A00089C2A /* Debug */ = {
			isa = XCBuildConfiguration;
			buildSettings = {
				CODE_SIGN_STYLE = Automatic;
				CURRENT_PROJECT_VERSION = 1;
				DEVELOPMENT_TEAM = J96BZ9PSBR;
				GENERATE_INFOPLIST_FILE = YES;
				MARKETING_VERSION = 1.0;
				PRODUCT_BUNDLE_IDENTIFIER = danicano.TripManagerUITests;
				PRODUCT_NAME = "$(TARGET_NAME)";
				SWIFT_EMIT_LOC_STRINGS = NO;
				SWIFT_VERSION = 5.0;
				TARGETED_DEVICE_FAMILY = "1,2";
				TEST_TARGET_NAME = TripManager;
			};
			name = Debug;
		};
		33593ACD2DD7956A00089C2A /* Release */ = {
			isa = XCBuildConfiguration;
			buildSettings = {
				CODE_SIGN_STYLE = Automatic;
				CURRENT_PROJECT_VERSION = 1;
				DEVELOPMENT_TEAM = J96BZ9PSBR;
				GENERATE_INFOPLIST_FILE = YES;
				MARKETING_VERSION = 1.0;
				PRODUCT_BUNDLE_IDENTIFIER = danicano.TripManagerUITests;
				PRODUCT_NAME = "$(TARGET_NAME)";
				SWIFT_EMIT_LOC_STRINGS = NO;
				SWIFT_VERSION = 5.0;
				TARGETED_DEVICE_FAMILY = "1,2";
				TEST_TARGET_NAME = TripManager;
			};
			name = Release;
		};
/* End XCBuildConfiguration section */

/* Begin XCConfigurationList section */
		33593A9F2DD7956900089C2A /* Build configuration list for PBXProject "TripManager" */ = {
			isa = XCConfigurationList;
			buildConfigurations = (
				33593AC32DD7956A00089C2A /* Debug */,
				33593AC42DD7956A00089C2A /* Release */,
			);
			defaultConfigurationIsVisible = 0;
			defaultConfigurationName = Release;
		};
		33593AC52DD7956A00089C2A /* Build configuration list for PBXNativeTarget "TripManager" */ = {
			isa = XCConfigurationList;
			buildConfigurations = (
				33593AC62DD7956A00089C2A /* Debug */,
				33593AC72DD7956A00089C2A /* Release */,
			);
			defaultConfigurationIsVisible = 0;
			defaultConfigurationName = Release;
		};
		33593AC82DD7956A00089C2A /* Build configuration list for PBXNativeTarget "TripManagerTests" */ = {
			isa = XCConfigurationList;
			buildConfigurations = (
				33593AC92DD7956A00089C2A /* Debug */,
				33593ACA2DD7956A00089C2A /* Release */,
			);
			defaultConfigurationIsVisible = 0;
			defaultConfigurationName = Release;
		};
		33593ACB2DD7956A00089C2A /* Build configuration list for PBXNativeTarget "TripManagerUITests" */ = {
			isa = XCConfigurationList;
			buildConfigurations = (
				33593ACC2DD7956A00089C2A /* Debug */,
				33593ACD2DD7956A00089C2A /* Release */,
			);
			defaultConfigurationIsVisible = 0;
			defaultConfigurationName = Release;
		};
/* End XCConfigurationList section */

/* Begin XCRemoteSwiftPackageReference section */
		336608492DDB425100C74BE7 /* XCRemoteSwiftPackageReference "Polyline" */ = {
			isa = XCRemoteSwiftPackageReference;
			repositoryURL = "https://github.com/raphaelmor/Polyline";
			requirement = {
				branch = master;
				kind = branch;
			};
		};
/* End XCRemoteSwiftPackageReference section */

/* Begin XCSwiftPackageProductDependency section */
		3366084A2DDB425100C74BE7 /* Polyline */ = {
			isa = XCSwiftPackageProductDependency;
			package = 336608492DDB425100C74BE7 /* XCRemoteSwiftPackageReference "Polyline" */;
			productName = Polyline;
		};
/* End XCSwiftPackageProductDependency section */
	};
	rootObject = 33593A9C2DD7956900089C2A /* Project object */;
}
